
Microsoft Visual Studio Solution File, Format Version 12.00
# Visual Studio Version 17
VisualStudioVersion = 17.0.31912.275
MinimumVisualStudioVersion = 10.0.40219.1
Project("{9A19103F-16F7-4668-BE54-9A1E7A4F7556}") = "Dijkstra.NET", "Dijkstra.NET\Dijkstra.NET.csproj", "{2D42C275-6A10-4AC9-BBCF-1483FEB68B04}"
EndProject
Project("{9A19103F-16F7-4668-BE54-9A1E7A4F7556}") = "Dijkstra.NET.Tests", "Dijkstra.NET.Tests\Dijkstra.NET.Tests.csproj", "{70A4E3BB-08CC-4105-B753-A176CA8ACCD4}"
EndProject
Project("{2150E333-8FDC-42A3-9474-1A3956D46DE8}") = "Samples", "Samples", "{20A0B105-1344-4E76-B1E9-442217A527C0}"
EndProject
Project("{9A19103F-16F7-4668-BE54-9A1E7A4F7556}") = "Dijkstra.Net60", "Samples\Dijkstra.Net60\Dijkstra.Net60.csproj", "{567E5731-6A8D-4CC7-A867-0EA27E74C9FC}"
EndProject
Project("{FAE04EC0-301F-11D3-BF4B-00C04F79EFBC}") = "Dijkstra.NET.Benchmark", "Dijkstra.NET.Benchmark\Dijkstra.NET.Benchmark.csproj", "{D7746855-4FB4-4A1C-92BF-06598CC0D8C8}"
EndProject
Project("{2150E333-8FDC-42A3-9474-1A3956D46DE8}") = "__Solution Items", "__Solution Items", "{4092811D-86AC-4FD6-BEBF-ED4D5AF0D22E}"
	ProjectSection(SolutionItems) = preProject
		packages.props = packages.props
	EndProjectSection
EndProject
Global
	GlobalSection(SolutionConfigurationPlatforms) = preSolution
		Debug|Any CPU = Debug|Any CPU
		Release|Any CPU = Release|Any CPU
	EndGlobalSection
	GlobalSection(ProjectConfigurationPlatforms) = postSolution
		{2D42C275-6A10-4AC9-BBCF-1483FEB68B04}.Debug|Any CPU.ActiveCfg = Debug|Any CPU
		{2D42C275-6A10-4AC9-BBCF-1483FEB68B04}.Debug|Any CPU.Build.0 = Debug|Any CPU
		{2D42C275-6A10-4AC9-BBCF-1483FEB68B04}.Release|Any CPU.ActiveCfg = Release|Any CPU
		{2D42C275-6A10-4AC9-BBCF-1483FEB68B04}.Release|Any CPU.Build.0 = Release|Any CPU
		{70A4E3BB-08CC-4105-B753-A176CA8ACCD4}.Debug|Any CPU.ActiveCfg = Debug|Any CPU
		{70A4E3BB-08CC-4105-B753-A176CA8ACCD4}.Debug|Any CPU.Build.0 = Debug|Any CPU
		{70A4E3BB-08CC-4105-B753-A176CA8ACCD4}.Release|Any CPU.ActiveCfg = Release|Any CPU
		{70A4E3BB-08CC-4105-B753-A176CA8ACCD4}.Release|Any CPU.Build.0 = Release|Any CPU
		{567E5731-6A8D-4CC7-A867-0EA27E74C9FC}.Debug|Any CPU.ActiveCfg = Debug|Any CPU
		{567E5731-6A8D-4CC7-A867-0EA27E74C9FC}.Debug|Any CPU.Build.0 = Debug|Any CPU
		{567E5731-6A8D-4CC7-A867-0EA27E74C9FC}.Release|Any CPU.ActiveCfg = Release|Any CPU
		{567E5731-6A8D-4CC7-A867-0EA27E74C9FC}.Release|Any CPU.Build.0 = Release|Any CPU
		{D7746855-4FB4-4A1C-92BF-06598CC0D8C8}.Debug|Any CPU.ActiveCfg = Debug|Any CPU
		{D7746855-4FB4-4A1C-92BF-06598CC0D8C8}.Debug|Any CPU.Build.0 = Debug|Any CPU
		{D7746855-4FB4-4A1C-92BF-06598CC0D8C8}.Release|Any CPU.ActiveCfg = Release|Any CPU
		{D7746855-4FB4-4A1C-92BF-06598CC0D8C8}.Release|Any CPU.Build.0 = Release|Any CPU
	EndGlobalSection
	GlobalSection(SolutionProperties) = preSolution
		HideSolutionNode = FALSE
	EndGlobalSection
	GlobalSection(NestedProjects) = preSolution
		{567E5731-6A8D-4CC7-A867-0EA27E74C9FC} = {20A0B105-1344-4E76-B1E9-442217A527C0}
	EndGlobalSection
	GlobalSection(ExtensibilityGlobals) = postSolution
		SolutionGuid = {0F4388FD-4FB5-4B5A-9CD2-923DC611107D}
	EndGlobalSection
EndGlobal
